{
  "name": "rename-frames",
  "version": "1.0.0",
  "lockfileVersion": 2,
  "requires": true,
  "packages": {
    "": {
      "version": "1.0.0",
      "dependencies": {
        "@types/csv-parse": "^1.2.2"
      },
      "devDependencies": {
        "@figma/plugin-typings": "^1.19.1",
        "@types/node": "^14.14.28",
        "csv-parser": "^3.0.0"
      }
    },
    "node_modules/@figma/plugin-typings": {
      "version": "1.19.1",
      "resolved": "https://registry.npmjs.org/@figma/plugin-typings/-/plugin-typings-1.19.1.tgz",
      "integrity": "sha512-hraStXkhLm76nSYmJMvZDHLrolvi2ii5IJd6JI6s/1Owzm2oT8PwnKHDHIMu/OBFxtK335w1ASARn6BmWcKShw==",
      "dev": true
    },
    "node_modules/@types/csv-parse": {
      "version": "1.2.2",
      "resolved": "https://registry.npmjs.org/@types/csv-parse/-/csv-parse-1.2.2.tgz",
      "integrity": "sha512-k33tLtRKTQxf7hQfMlkWoS2TQYsnpk1ibZN+rzbuCkeBs8m23nHTeDTF1wb/e7/MSLdtgCzqu3oM1I101kd6yw==",
      "deprecated": "This is a stub types definition. csv-parse provides its own type definitions, so you do not need this installed.",
      "dependencies": {
        "csv-parse": "*"
      }
    },
    "node_modules/@types/node": {
      "version": "14.14.28",
      "resolved": "https://registry.npmjs.org/@types/node/-/node-14.14.28.tgz",
      "integrity": "sha512-lg55ArB+ZiHHbBBttLpzD07akz0QPrZgUODNakeC09i62dnrywr9mFErHuaPlB6I7z+sEbK+IYmplahvplCj2g==",
      "dev": true
    },
    "node_modules/csv-parse": {
      "version": "4.15.1",
      "resolved": "https://registry.npmjs.org/csv-parse/-/csv-parse-4.15.1.tgz",
      "integrity": "sha512-TXIvRtNp0fqMJbk3yPR35bQIDzMH4khDwduElzE7Fl1wgnl25mnWYLSLqd/wS5GsDoX1rWtysivEYMNsz5jKwQ=="
    },
    "node_modules/csv-parser": {
      "version": "3.0.0",
      "resolved": "https://registry.npmjs.org/csv-parser/-/csv-parser-3.0.0.tgz",
      "integrity": "sha512-s6OYSXAK3IdKqYO33y09jhypG/bSDHPuyCme/IdEHfWpLf/jKcpitVFyOC6UemgGk8v7Q5u2XE0vvwmanxhGlQ==",
      "dev": true,
      "dependencies": {
        "minimist": "^1.2.0"
      },
      "bin": {
        "csv-parser": "bin/csv-parser"
      },
      "engines": {
        "node": ">= 10"
      }
    },
    "node_modules/minimist": {
      "version": "1.2.5",
      "resolved": "https://registry.npmjs.org/minimist/-/minimist-1.2.5.tgz",
      "integrity": "sha512-FM9nNUYrRBAELZQT3xeZQ7fmMOBg6nWNmJKTcgsJeaLstP/UODVpGsr5OhXhhXg6f+qtJ8uiZ+PUxkDWcgIXLw==",
      "dev": true
    }
  },
  "dependencies": {
    "@figma/plugin-typings": {
      "version": "1.19.1",
      "resolved": "https://registry.npmjs.org/@figma/plugin-typings/-/plugin-typings-1.19.1.tgz",
      "integrity": "sha512-hraStXkhLm76nSYmJMvZDHLrolvi2ii5IJd6JI6s/1Owzm2oT8PwnKHDHIMu/OBFxtK335w1ASARn6BmWcKShw==",
      "dev": true
    },
    "@types/csv-parse": {
      "version": "1.2.2",
      "resolved": "https://registry.npmjs.org/@types/csv-parse/-/csv-parse-1.2.2.tgz",
      "integrity": "sha512-k33tLtRKTQxf7hQfMlkWoS2TQYsnpk1ibZN+rzbuCkeBs8m23nHTeDTF1wb/e7/MSLdtgCzqu3oM1I101kd6yw==",
      "requires": {
        "csv-parse": "*"
      }
    },
    "@types/node": {
      "version": "14.14.28",
      "resolved": "https://registry.npmjs.org/@types/node/-/node-14.14.28.tgz",
      "integrity": "sha512-lg55ArB+ZiHHbBBttLpzD07akz0QPrZgUODNakeC09i62dnrywr9mFErHuaPlB6I7z+sEbK+IYmplahvplCj2g==",
      "dev": true
    },
    "csv-parse": {
      "version": "4.15.1",
      "resolved": "https://registry.npmjs.org/csv-parse/-/csv-parse-4.15.1.tgz",
      "integrity": "sha512-TXIvRtNp0fqMJbk3yPR35bQIDzMH4khDwduElzE7Fl1wgnl25mnWYLSLqd/wS5GsDoX1rWtysivEYMNsz5jKwQ=="
    },
    "csv-parser": {
      "version": "3.0.0",
      "resolved": "https://registry.npmjs.org/csv-parser/-/csv-parser-3.0.0.tgz",
      "integrity": "sha512-s6OYSXAK3IdKqYO33y09jhypG/bSDHPuyCme/IdEHfWpLf/jKcpitVFyOC6UemgGk8v7Q5u2XE0vvwmanxhGlQ==",
      "dev": true,
      "requires": {
        "minimist": "^1.2.0"
      }
    },
    "minimist": {
      "version": "1.2.5",
      "resolved": "https://registry.npmjs.org/minimist/-/minimist-1.2.5.tgz",
      "integrity": "sha512-FM9nNUYrRBAELZQT3xeZQ7fmMOBg6nWNmJKTcgsJeaLstP/UODVpGsr5OhXhhXg6f+qtJ8uiZ+PUxkDWcgIXLw==",
      "dev": true
    }
  }
}
